{
  "name": "name-variant-search",
  "version": "1.0.0",
  "lockfileVersion": 3,
  "requires": true,
  "packages": {
    "": {
      "name": "name-variant-search",
      "version": "1.0.0",
      "license": "MIT",
      "dependencies": {
        "@bellingcat/alias-generator": "^1.0.0"
      }
    },
    "node_modules/@bellingcat/alias-generator": {
      "version": "1.0.0",
      "resolved": "https://registry.npmjs.org/@bellingcat/alias-generator/-/alias-generator-1.0.0.tgz",
      "integrity": "sha512-C/hS6ymXOEFRqA8cnjXyNQHK+shq39eJMWvmqFmbIlwsqwOLMAu74AkrRDL9nuvUaG889JIpEPxp1LonjOHYxg==",
      "dependencies": {
        "humanparser": "^2.7.0"
      }
    },
    "node_modules/humanparser": {
      "version": "2.7.0",
      "resolved": "https://registry.npmjs.org/humanparser/-/humanparser-2.7.0.tgz",
      "integrity": "sha512-SyuUACd48ey150QUZHVPMcGZwbn48naoJCN80LVA6RHZ5i7iQO9FcXvsOpqi2DEGGtymyp+SenaqaGQ3ik7dvA=="
    }
  }
}
